{
  "lockfileVersion": 1,
  "configVersion": 0,
  "workspaces": {
    "": {
      "name": "liquidlauncher",
      "dependencies": {
        "@tauri-apps/api": "^2.9.1",
        "@tauri-apps/plugin-clipboard-manager": "^2.3.2",
        "@tauri-apps/plugin-dialog": "^2.6.0",
        "@tauri-apps/plugin-opener": "^2.5.3",
        "@tauri-apps/plugin-process": "^2.3.1",
        "@tauri-apps/plugin-updater": "^2.9.0",
        "nouislider": "^15.8.1",
      },
      "devDependencies": {
        "@sveltejs/vite-plugin-svelte": "^3.1.2",
        "@tauri-apps/cli": "^2.9.6",
        "svelte": "^4.2.20",
        "svelte-loading-spinners": "^0.3.6",
        "vite": "^5.4.21",
      },
    },
  },
  "packages": {
    "@ampproject/remapping": ["@ampproject/remapping@2.3.0", "", { "dependencies": { "@jridgewell/gen-mapping": "^0.3.5", "@jridgewell/trace-mapping": "^0.3.24" } }, "sha512-30iZtAPgz+LTIYoeivqYo853f02jBYSd5uGnGpkFV0M3xOt9aN73erkgYAmZU43x4VfqcnLxW9Kpg3R5LC4YYw=="],

    "@esbuild/aix-ppc64": ["@esbuild/aix-ppc64@0.21.5", "", { "os": "aix", "cpu": "ppc64" }, "sha512-1SDgH6ZSPTlggy1yI6+Dbkiz8xzpHJEVAlF/AM1tHPLsf5STom9rwtjE4hKAF20FfXXNTFqEYXyJNWh1GiZedQ=="],

    "@esbuild/android-arm": ["@esbuild/android-arm@0.21.5", "", { "os": "android", "cpu": "arm" }, "sha512-vCPvzSjpPHEi1siZdlvAlsPxXl7WbOVUBBAowWug4rJHb68Ox8KualB+1ocNvT5fjv6wpkX6o/iEpbDrf68zcg=="],

    "@esbuild/android-arm64": ["@esbuild/android-arm64@0.21.5", "", { "os": "android", "cpu": "arm64" }, "sha512-c0uX9VAUBQ7dTDCjq+wdyGLowMdtR/GoC2U5IYk/7D1H1JYC0qseD7+11iMP2mRLN9RcCMRcjC4YMclCzGwS/A=="],

    "@esbuild/android-x64": ["@esbuild/android-x64@0.21.5", "", { "os": "android", "cpu": "x64" }, "sha512-D7aPRUUNHRBwHxzxRvp856rjUHRFW1SdQATKXH2hqA0kAZb1hKmi02OpYRacl0TxIGz/ZmXWlbZgjwWYaCakTA=="],

    "@esbuild/darwin-arm64": ["@esbuild/darwin-arm64@0.21.5", "", { "os": "darwin", "cpu": "arm64" }, "sha512-DwqXqZyuk5AiWWf3UfLiRDJ5EDd49zg6O9wclZ7kUMv2WRFr4HKjXp/5t8JZ11QbQfUS6/cRCKGwYhtNAY88kQ=="],

    "@esbuild/darwin-x64": ["@esbuild/darwin-x64@0.21.5", "", { "os": "darwin", "cpu": "x64" }, "sha512-se/JjF8NlmKVG4kNIuyWMV/22ZaerB+qaSi5MdrXtd6R08kvs2qCN4C09miupktDitvh8jRFflwGFBQcxZRjbw=="],

    "@esbuild/freebsd-arm64": ["@esbuild/freebsd-arm64@0.21.5", "", { "os": "freebsd", "cpu": "arm64" }, "sha512-5JcRxxRDUJLX8JXp/wcBCy3pENnCgBR9bN6JsY4OmhfUtIHe3ZW0mawA7+RDAcMLrMIZaf03NlQiX9DGyB8h4g=="],

    "@esbuild/freebsd-x64": ["@esbuild/freebsd-x64@0.21.5", "", { "os": "freebsd", "cpu": "x64" }, "sha512-J95kNBj1zkbMXtHVH29bBriQygMXqoVQOQYA+ISs0/2l3T9/kj42ow2mpqerRBxDJnmkUDCaQT/dfNXWX/ZZCQ=="],

    "@esbuild/linux-arm": ["@esbuild/linux-arm@0.21.5", "", { "os": "linux", "cpu": "arm" }, "sha512-bPb5AHZtbeNGjCKVZ9UGqGwo8EUu4cLq68E95A53KlxAPRmUyYv2D6F0uUI65XisGOL1hBP5mTronbgo+0bFcA=="],

    "@esbuild/linux-arm64": ["@esbuild/linux-arm64@0.21.5", "", { "os": "linux", "cpu": "arm64" }, "sha512-ibKvmyYzKsBeX8d8I7MH/TMfWDXBF3db4qM6sy+7re0YXya+K1cem3on9XgdT2EQGMu4hQyZhan7TeQ8XkGp4Q=="],

    "@esbuild/linux-ia32": ["@esbuild/linux-ia32@0.21.5", "", { "os": "linux", "cpu": "ia32" }, "sha512-YvjXDqLRqPDl2dvRODYmmhz4rPeVKYvppfGYKSNGdyZkA01046pLWyRKKI3ax8fbJoK5QbxblURkwK/MWY18Tg=="],

    "@esbuild/linux-loong64": ["@esbuild/linux-loong64@0.21.5", "", { "os": "linux", "cpu": "none" }, "sha512-uHf1BmMG8qEvzdrzAqg2SIG/02+4/DHB6a9Kbya0XDvwDEKCoC8ZRWI5JJvNdUjtciBGFQ5PuBlpEOXQj+JQSg=="],

    "@esbuild/linux-mips64el": ["@esbuild/linux-mips64el@0.21.5", "", { "os": "linux", "cpu": "none" }, "sha512-IajOmO+KJK23bj52dFSNCMsz1QP1DqM6cwLUv3W1QwyxkyIWecfafnI555fvSGqEKwjMXVLokcV5ygHW5b3Jbg=="],

    "@esbuild/linux-ppc64": ["@esbuild/linux-ppc64@0.21.5", "", { "os": "linux", "cpu": "ppc64" }, "sha512-1hHV/Z4OEfMwpLO8rp7CvlhBDnjsC3CttJXIhBi+5Aj5r+MBvy4egg7wCbe//hSsT+RvDAG7s81tAvpL2XAE4w=="],

    "@esbuild/linux-riscv64": ["@esbuild/linux-riscv64@0.21.5", "", { "os": "linux", "cpu": "none" }, "sha512-2HdXDMd9GMgTGrPWnJzP2ALSokE/0O5HhTUvWIbD3YdjME8JwvSCnNGBnTThKGEB91OZhzrJ4qIIxk/SBmyDDA=="],

    "@esbuild/linux-s390x": ["@esbuild/linux-s390x@0.21.5", "", { "os": "linux", "cpu": "s390x" }, "sha512-zus5sxzqBJD3eXxwvjN1yQkRepANgxE9lgOW2qLnmr8ikMTphkjgXu1HR01K4FJg8h1kEEDAqDcZQtbrRnB41A=="],

    "@esbuild/linux-x64": ["@esbuild/linux-x64@0.21.5", "", { "os": "linux", "cpu": "x64" }, "sha512-1rYdTpyv03iycF1+BhzrzQJCdOuAOtaqHTWJZCWvijKD2N5Xu0TtVC8/+1faWqcP9iBCWOmjmhoH94dH82BxPQ=="],

    "@esbuild/netbsd-x64": ["@esbuild/netbsd-x64@0.21.5", "", { "os": "none", "cpu": "x64" }, "sha512-Woi2MXzXjMULccIwMnLciyZH4nCIMpWQAs049KEeMvOcNADVxo0UBIQPfSmxB3CWKedngg7sWZdLvLczpe0tLg=="],

    "@esbuild/openbsd-x64": ["@esbuild/openbsd-x64@0.21.5", "", { "os": "openbsd", "cpu": "x64" }, "sha512-HLNNw99xsvx12lFBUwoT8EVCsSvRNDVxNpjZ7bPn947b8gJPzeHWyNVhFsaerc0n3TsbOINvRP2byTZ5LKezow=="],

    "@esbuild/sunos-x64": ["@esbuild/sunos-x64@0.21.5", "", { "os": "sunos", "cpu": "x64" }, "sha512-6+gjmFpfy0BHU5Tpptkuh8+uw3mnrvgs+dSPQXQOv3ekbordwnzTVEb4qnIvQcYXq6gzkyTnoZ9dZG+D4garKg=="],

    "@esbuild/win32-arm64": ["@esbuild/win32-arm64@0.21.5", "", { "os": "win32", "cpu": "arm64" }, "sha512-Z0gOTd75VvXqyq7nsl93zwahcTROgqvuAcYDUr+vOv8uHhNSKROyU961kgtCD1e95IqPKSQKH7tBTslnS3tA8A=="],

    "@esbuild/win32-ia32": ["@esbuild/win32-ia32@0.21.5", "", { "os": "win32", "cpu": "ia32" }, "sha512-SWXFF1CL2RVNMaVs+BBClwtfZSvDgtL//G/smwAc5oVK/UPu2Gu9tIaRgFmYFFKrmg3SyAjSrElf0TiJ1v8fYA=="],

    "@esbuild/win32-x64": ["@esbuild/win32-x64@0.21.5", "", { "os": "win32", "cpu": "x64" }, "sha512-tQd/1efJuzPC6rCFwEvLtci/xNFcTZknmXs98FYDfGE4wP9ClFV98nyKrzJKVPMhdDnjzLhdUyMX4PsQAPjwIw=="],

    "@jridgewell/gen-mapping": ["@jridgewell/gen-mapping@0.3.13", "", { "dependencies": { "@jridgewell/sourcemap-codec": "^1.5.0", "@jridgewell/trace-mapping": "^0.3.24" } }, "sha512-2kkt/7niJ6MgEPxF0bYdQ6etZaA+fQvDcLKckhy1yIQOzaoKjBBjSj63/aLVjYE3qhRt5dvM+uUyfCg6UKCBbA=="],

    "@jridgewell/resolve-uri": ["@jridgewell/resolve-uri@3.1.2", "", {}, "sha512-bRISgCIjP20/tbWSPWMEi54QVPRZExkuD9lJL+UIxUKtwVJA8wW1Trb1jMs1RFXo1CBTNZ/5hpC9QvmKWdopKw=="],

    "@jridgewell/sourcemap-codec": ["@jridgewell/sourcemap-codec@1.5.5", "", {}, "sha512-cYQ9310grqxueWbl+WuIUIaiUaDcj7WOq5fVhEljNVgRfOUhY9fy2zTvfoqWsnebh8Sl70VScFbICvJnLKB0Og=="],

    "@jridgewell/trace-mapping": ["@jridgewell/trace-mapping@0.3.31", "", { "dependencies": { "@jridgewell/resolve-uri": "^3.1.0", "@jridgewell/sourcemap-codec": "^1.4.14" } }, "sha512-zzNR+SdQSDJzc8joaeP8QQoCQr8NuYx2dIIytl1QeBEZHJ9uW6hebsrYgbz8hJwUQao3TWCMtmfV8Nu1twOLAw=="],

    "@rollup/rollup-android-arm-eabi": ["@rollup/rollup-android-arm-eabi@4.55.1", "", { "os": "android", "cpu": "arm" }, "sha512-9R0DM/ykwfGIlNu6+2U09ga0WXeZ9MRC2Ter8jnz8415VbuIykVuc6bhdrbORFZANDmTDvq26mJrEVTl8TdnDg=="],

    "@rollup/rollup-android-arm64": ["@rollup/rollup-android-arm64@4.55.1", "", { "os": "android", "cpu": "arm64" }, "sha512-eFZCb1YUqhTysgW3sj/55du5cG57S7UTNtdMjCW7LwVcj3dTTcowCsC8p7uBdzKsZYa8J7IDE8lhMI+HX1vQvg=="],

    "@rollup/rollup-darwin-arm64": ["@rollup/rollup-darwin-arm64@4.55.1", "", { "os": "darwin", "cpu": "arm64" }, "sha512-p3grE2PHcQm2e8PSGZdzIhCKbMCw/xi9XvMPErPhwO17vxtvCN5FEA2mSLgmKlCjHGMQTP6phuQTYWUnKewwGg=="],

    "@rollup/rollup-darwin-x64": ["@rollup/rollup-darwin-x64@4.55.1", "", { "os": "darwin", "cpu": "x64" }, "sha512-rDUjG25C9qoTm+e02Esi+aqTKSBYwVTaoS1wxcN47/Luqef57Vgp96xNANwt5npq9GDxsH7kXxNkJVEsWEOEaQ=="],

    "@rollup/rollup-freebsd-arm64": ["@rollup/rollup-freebsd-arm64@4.55.1", "", { "os": "freebsd", "cpu": "arm64" }, "sha512-+JiU7Jbp5cdxekIgdte0jfcu5oqw4GCKr6i3PJTlXTCU5H5Fvtkpbs4XJHRmWNXF+hKmn4v7ogI5OQPaupJgOg=="],

    "@rollup/rollup-freebsd-x64": ["@rollup/rollup-freebsd-x64@4.55.1", "", { "os": "freebsd", "cpu": "x64" }, "sha512-V5xC1tOVWtLLmr3YUk2f6EJK4qksksOYiz/TCsFHu/R+woubcLWdC9nZQmwjOAbmExBIVKsm1/wKmEy4z4u4Bw=="],

    "@rollup/rollup-linux-arm-gnueabihf": ["@rollup/rollup-linux-arm-gnueabihf@4.55.1", "", { "os": "linux", "cpu": "arm" }, "sha512-Rn3n+FUk2J5VWx+ywrG/HGPTD9jXNbicRtTM11e/uorplArnXZYsVifnPPqNNP5BsO3roI4n8332ukpY/zN7rQ=="],

    "@rollup/rollup-linux-arm-musleabihf": ["@rollup/rollup-linux-arm-musleabihf@4.55.1", "", { "os": "linux", "cpu": "arm" }, "sha512-grPNWydeKtc1aEdrJDWk4opD7nFtQbMmV7769hiAaYyUKCT1faPRm2av8CX1YJsZ4TLAZcg9gTR1KvEzoLjXkg=="],

    "@rollup/rollup-linux-arm64-gnu": ["@rollup/rollup-linux-arm64-gnu@4.55.1", "", { "os": "linux", "cpu": "arm64" }, "sha512-a59mwd1k6x8tXKcUxSyISiquLwB5pX+fJW9TkWU46lCqD/GRDe9uDN31jrMmVP3feI3mhAdvcCClhV8V5MhJFQ=="],

    "@rollup/rollup-linux-arm64-musl": ["@rollup/rollup-linux-arm64-musl@4.55.1", "", { "os": "linux", "cpu": "arm64" }, "sha512-puS1MEgWX5GsHSoiAsF0TYrpomdvkaXm0CofIMG5uVkP6IBV+ZO9xhC5YEN49nsgYo1DuuMquF9+7EDBVYu4uA=="],

    "@rollup/rollup-linux-loong64-gnu": ["@rollup/rollup-linux-loong64-gnu@4.55.1", "", { "os": "linux", "cpu": "none" }, "sha512-r3Wv40in+lTsULSb6nnoudVbARdOwb2u5fpeoOAZjFLznp6tDU8kd+GTHmJoqZ9lt6/Sys33KdIHUaQihFcu7g=="],

    "@rollup/rollup-linux-loong64-musl": ["@rollup/rollup-linux-loong64-musl@4.55.1", "", { "os": "linux", "cpu": "none" }, "sha512-MR8c0+UxAlB22Fq4R+aQSPBayvYa3+9DrwG/i1TKQXFYEaoW3B5b/rkSRIypcZDdWjWnpcvxbNaAJDcSbJU3Lw=="],

    "@rollup/rollup-linux-ppc64-gnu": ["@rollup/rollup-linux-ppc64-gnu@4.55.1", "", { "os": "linux", "cpu": "ppc64" }, "sha512-3KhoECe1BRlSYpMTeVrD4sh2Pw2xgt4jzNSZIIPLFEsnQn9gAnZagW9+VqDqAHgm1Xc77LzJOo2LdigS5qZ+gw=="],

    "@rollup/rollup-linux-ppc64-musl": ["@rollup/rollup-linux-ppc64-musl@4.55.1", "", { "os": "linux", "cpu": "ppc64" }, "sha512-ziR1OuZx0vdYZZ30vueNZTg73alF59DicYrPViG0NEgDVN8/Jl87zkAPu4u6VjZST2llgEUjaiNl9JM6HH1Vdw=="],

    "@rollup/rollup-linux-riscv64-gnu": ["@rollup/rollup-linux-riscv64-gnu@4.55.1", "", { "os": "linux", "cpu": "none" }, "sha512-uW0Y12ih2XJRERZ4jAfKamTyIHVMPQnTZcQjme2HMVDAHY4amf5u414OqNYC+x+LzRdRcnIG1YodLrrtA8xsxw=="],

    "@rollup/rollup-linux-riscv64-musl": ["@rollup/rollup-linux-riscv64-musl@4.55.1", "", { "os": "linux", "cpu": "none" }, "sha512-u9yZ0jUkOED1BFrqu3BwMQoixvGHGZ+JhJNkNKY/hyoEgOwlqKb62qu+7UjbPSHYjiVy8kKJHvXKv5coH4wDeg=="],

    "@rollup/rollup-linux-s390x-gnu": ["@rollup/rollup-linux-s390x-gnu@4.55.1", "", { "os": "linux", "cpu": "s390x" }, "sha512-/0PenBCmqM4ZUd0190j7J0UsQ/1nsi735iPRakO8iPciE7BQ495Y6msPzaOmvx0/pn+eJVVlZrNrSh4WSYLxNg=="],

    "@rollup/rollup-linux-x64-gnu": ["@rollup/rollup-linux-x64-gnu@4.55.1", "", { "os": "linux", "cpu": "x64" }, "sha512-a8G4wiQxQG2BAvo+gU6XrReRRqj+pLS2NGXKm8io19goR+K8lw269eTrPkSdDTALwMmJp4th2Uh0D8J9bEV1vg=="],

    "@rollup/rollup-linux-x64-musl": ["@rollup/rollup-linux-x64-musl@4.55.1", "", { "os": "linux", "cpu": "x64" }, "sha512-bD+zjpFrMpP/hqkfEcnjXWHMw5BIghGisOKPj+2NaNDuVT+8Ds4mPf3XcPHuat1tz89WRL+1wbcxKY3WSbiT7w=="],

    "@rollup/rollup-openbsd-x64": ["@rollup/rollup-openbsd-x64@4.55.1", "", { "os": "openbsd", "cpu": "x64" }, "sha512-eLXw0dOiqE4QmvikfQ6yjgkg/xDM+MdU9YJuP4ySTibXU0oAvnEWXt7UDJmD4UkYialMfOGFPJnIHSe/kdzPxg=="],

    "@rollup/rollup-openharmony-arm64": ["@rollup/rollup-openharmony-arm64@4.55.1", "", { "os": "none", "cpu": "arm64" }, "sha512-xzm44KgEP11te3S2HCSyYf5zIzWmx3n8HDCc7EE59+lTcswEWNpvMLfd9uJvVX8LCg9QWG67Xt75AuHn4vgsXw=="],

    "@rollup/rollup-win32-arm64-msvc": ["@rollup/rollup-win32-arm64-msvc@4.55.1", "", { "os": "win32", "cpu": "arm64" }, "sha512-yR6Bl3tMC/gBok5cz/Qi0xYnVbIxGx5Fcf/ca0eB6/6JwOY+SRUcJfI0OpeTpPls7f194as62thCt/2BjxYN8g=="],

    "@rollup/rollup-win32-ia32-msvc": ["@rollup/rollup-win32-ia32-msvc@4.55.1", "", { "os": "win32", "cpu": "ia32" }, "sha512-3fZBidchE0eY0oFZBnekYCfg+5wAB0mbpCBuofh5mZuzIU/4jIVkbESmd2dOsFNS78b53CYv3OAtwqkZZmU5nA=="],

    "@rollup/rollup-win32-x64-gnu": ["@rollup/rollup-win32-x64-gnu@4.55.1", "", { "os": "win32", "cpu": "x64" }, "sha512-xGGY5pXj69IxKb4yv/POoocPy/qmEGhimy/FoTpTSVju3FYXUQQMFCaZZXJVidsmGxRioZAwpThl/4zX41gRKg=="],

    "@rollup/rollup-win32-x64-msvc": ["@rollup/rollup-win32-x64-msvc@4.55.1", "", { "os": "win32", "cpu": "x64" }, "sha512-SPEpaL6DX4rmcXtnhdrQYgzQ5W2uW3SCJch88lB2zImhJRhIIK44fkUrgIV/Q8yUNfw5oyZ5vkeQsZLhCb06lw=="],

    "@sveltejs/vite-plugin-svelte": ["@sveltejs/vite-plugin-svelte@3.1.2", "", { "dependencies": { "@sveltejs/vite-plugin-svelte-inspector": "^2.1.0", "debug": "^4.3.4", "deepmerge": "^4.3.1", "kleur": "^4.1.5", "magic-string": "^0.30.10", "svelte-hmr": "^0.16.0", "vitefu": "^0.2.5" }, "peerDependencies": { "svelte": "^4.0.0 || ^5.0.0-next.0", "vite": "^5.0.0" } }, "sha512-Txsm1tJvtiYeLUVRNqxZGKR/mI+CzuIQuc2gn+YCs9rMTowpNZ2Nqt53JdL8KF9bLhAf2ruR/dr9eZCwdTriRA=="],

    "@sveltejs/vite-plugin-svelte-inspector": ["@sveltejs/vite-plugin-svelte-inspector@2.1.0", "", { "dependencies": { "debug": "^4.3.4" }, "peerDependencies": { "@sveltejs/vite-plugin-svelte": "^3.0.0", "svelte": "^4.0.0 || ^5.0.0-next.0", "vite": "^5.0.0" } }, "sha512-9QX28IymvBlSCqsCll5t0kQVxipsfhFFL+L2t3nTWfXnddYwxBuAEtTtlaVQpRz9c37BhJjltSeY4AJSC03SSg=="],

    "@tauri-apps/api": ["@tauri-apps/api@2.9.1", "", {}, "sha512-IGlhP6EivjXHepbBic618GOmiWe4URJiIeZFlB7x3czM0yDHHYviH1Xvoiv4FefdkQtn6v7TuwWCRfOGdnVUGw=="],

    "@tauri-apps/cli": ["@tauri-apps/cli@2.9.6", "", { "optionalDependencies": { "@tauri-apps/cli-darwin-arm64": "2.9.6", "@tauri-apps/cli-darwin-x64": "2.9.6", "@tauri-apps/cli-linux-arm-gnueabihf": "2.9.6", "@tauri-apps/cli-linux-arm64-gnu": "2.9.6", "@tauri-apps/cli-linux-arm64-musl": "2.9.6", "@tauri-apps/cli-linux-riscv64-gnu": "2.9.6", "@tauri-apps/cli-linux-x64-gnu": "2.9.6", "@tauri-apps/cli-linux-x64-musl": "2.9.6", "@tauri-apps/cli-win32-arm64-msvc": "2.9.6", "@tauri-apps/cli-win32-ia32-msvc": "2.9.6", "@tauri-apps/cli-win32-x64-msvc": "2.9.6" }, "bin": { "tauri": "tauri.js" } }, "sha512-3xDdXL5omQ3sPfBfdC8fCtDKcnyV7OqyzQgfyT5P3+zY6lcPqIYKQBvUasNvppi21RSdfhy44ttvJmftb0PCDw=="],

    "@tauri-apps/cli-darwin-arm64": ["@tauri-apps/cli-darwin-arm64@2.9.6", "", { "os": "darwin", "cpu": "arm64" }, "sha512-gf5no6N9FCk1qMrti4lfwP77JHP5haASZgVbBgpZG7BUepB3fhiLCXGUK8LvuOjP36HivXewjg72LTnPDScnQQ=="],

    "@tauri-apps/cli-darwin-x64": ["@tauri-apps/cli-darwin-x64@2.9.6", "", { "os": "darwin", "cpu": "x64" }, "sha512-oWh74WmqbERwwrwcueJyY6HYhgCksUc6NT7WKeXyrlY/FPmNgdyQAgcLuTSkhRFuQ6zh4Np1HZpOqCTpeZBDcw=="],

    "@tauri-apps/cli-linux-arm-gnueabihf": ["@tauri-apps/cli-linux-arm-gnueabihf@2.9.6", "", { "os": "linux", "cpu": "arm" }, "sha512-/zde3bFroFsNXOHN204DC2qUxAcAanUjVXXSdEGmhwMUZeAQalNj5cz2Qli2elsRjKN/hVbZOJj0gQ5zaYUjSg=="],

    "@tauri-apps/cli-linux-arm64-gnu": ["@tauri-apps/cli-linux-arm64-gnu@2.9.6", "", { "os": "linux", "cpu": "arm64" }, "sha512-pvbljdhp9VOo4RnID5ywSxgBs7qiylTPlK56cTk7InR3kYSTJKYMqv/4Q/4rGo/mG8cVppesKIeBMH42fw6wjg=="],

    "@tauri-apps/cli-linux-arm64-musl": ["@tauri-apps/cli-linux-arm64-musl@2.9.6", "", { "os": "linux", "cpu": "arm64" }, "sha512-02TKUndpodXBCR0oP//6dZWGYcc22Upf2eP27NvC6z0DIqvkBBFziQUcvi2n6SrwTRL0yGgQjkm9K5NIn8s6jw=="],

    "@tauri-apps/cli-linux-riscv64-gnu": ["@tauri-apps/cli-linux-riscv64-gnu@2.9.6", "", { "os": "linux", "cpu": "none" }, "sha512-fmp1hnulbqzl1GkXl4aTX9fV+ubHw2LqlLH1PE3BxZ11EQk+l/TmiEongjnxF0ie4kV8DQfDNJ1KGiIdWe1GvQ=="],

    "@tauri-apps/cli-linux-x64-gnu": ["@tauri-apps/cli-linux-x64-gnu@2.9.6", "", { "os": "linux", "cpu": "x64" }, "sha512-vY0le8ad2KaV1PJr+jCd8fUF9VOjwwQP/uBuTJvhvKTloEwxYA/kAjKK9OpIslGA9m/zcnSo74czI6bBrm2sYA=="],

    "@tauri-apps/cli-linux-x64-musl": ["@tauri-apps/cli-linux-x64-musl@2.9.6", "", { "os": "linux", "cpu": "x64" }, "sha512-TOEuB8YCFZTWVDzsO2yW0+zGcoMiPPwcUgdnW1ODnmgfwccpnihDRoks+ABT1e3fHb1ol8QQWsHSCovb3o2ENQ=="],

    "@tauri-apps/cli-win32-arm64-msvc": ["@tauri-apps/cli-win32-arm64-msvc@2.9.6", "", { "os": "win32", "cpu": "arm64" }, "sha512-ujmDGMRc4qRLAnj8nNG26Rlz9klJ0I0jmZs2BPpmNNf0gM/rcVHhqbEkAaHPTBVIrtUdf7bGvQAD2pyIiUrBHQ=="],

    "@tauri-apps/cli-win32-ia32-msvc": ["@tauri-apps/cli-win32-ia32-msvc@2.9.6", "", { "os": "win32", "cpu": "ia32" }, "sha512-S4pT0yAJgFX8QRCyKA1iKjZ9Q/oPjCZf66A/VlG5Yw54Nnr88J1uBpmenINbXxzyhduWrIXBaUbEY1K80ZbpMg=="],

    "@tauri-apps/cli-win32-x64-msvc": ["@tauri-apps/cli-win32-x64-msvc@2.9.6", "", { "os": "win32", "cpu": "x64" }, "sha512-ldWuWSSkWbKOPjQMJoYVj9wLHcOniv7diyI5UAJ4XsBdtaFB0pKHQsqw/ItUma0VXGC7vB4E9fZjivmxur60aw=="],

    "@tauri-apps/plugin-clipboard-manager": ["@tauri-apps/plugin-clipboard-manager@2.3.2", "", { "dependencies": { "@tauri-apps/api": "^2.8.0" } }, "sha512-CUlb5Hqi2oZbcZf4VUyUH53XWPPdtpw43EUpCza5HWZJwxEoDowFzNUDt1tRUXA8Uq+XPn17Ysfptip33sG4eQ=="],

    "@tauri-apps/plugin-dialog": ["@tauri-apps/plugin-dialog@2.6.0", "", { "dependencies": { "@tauri-apps/api": "^2.8.0" } }, "sha512-q4Uq3eY87TdcYzXACiYSPhmpBA76shgmQswGkSVio4C82Sz2W4iehe9TnKYwbq7weHiL88Yw19XZm7v28+Micg=="],

    "@tauri-apps/plugin-opener": ["@tauri-apps/plugin-opener@2.5.3", "", { "dependencies": { "@tauri-apps/api": "^2.8.0" } }, "sha512-CCcUltXMOfUEArbf3db3kCE7Ggy1ExBEBl51Ko2ODJ6GDYHRp1nSNlQm5uNCFY5k7/ufaK5Ib3Du/Zir19IYQQ=="],

    "@tauri-apps/plugin-process": ["@tauri-apps/plugin-process@2.3.1", "", { "dependencies": { "@tauri-apps/api": "^2.8.0" } }, "sha512-nCa4fGVaDL/B9ai03VyPOjfAHRHSBz5v6F/ObsB73r/dA3MHHhZtldaDMIc0V/pnUw9ehzr2iEG+XkSEyC0JJA=="],

    "@tauri-apps/plugin-updater": ["@tauri-apps/plugin-updater@2.9.0", "", { "dependencies": { "@tauri-apps/api": "^2.6.0" } }, "sha512-j++sgY8XpeDvzImTrzWA08OqqGqgkNyxczLD7FjNJJx/uXxMZFz5nDcfkyoI/rCjYuj2101Tci/r/HFmOmoxCg=="],

    "@types/estree": ["@types/estree@1.0.8", "", {}, "sha512-dWHzHa2WqEXI/O1E9OjrocMTKJl2mSrEolh1Iomrv6U+JuNwaHXsXx9bLu5gG7BUWFIN0skIQJQ/L1rIex4X6w=="],

    "acorn": ["acorn@8.15.0", "", { "bin": { "acorn": "bin/acorn" } }, "sha512-NZyJarBfL7nWwIq+FDL6Zp/yHEhePMNnnJ0y3qfieCrmNvYct8uvtiV41UvlSe6apAfk0fY1FbWx+NwfmpvtTg=="],

    "aria-query": ["aria-query@5.3.2", "", {}, "sha512-COROpnaoap1E2F000S62r6A60uHZnmlvomhfyT2DlTcrY1OrBKn2UhH7qn5wTC9zMvD0AY7csdPSNwKP+7WiQw=="],

    "axobject-query": ["axobject-query@4.1.0", "", {}, "sha512-qIj0G9wZbMGNLjLmg1PT6v2mE9AH2zlnADJD/2tC6E00hgmhUOfEB6greHPAfLRSufHqROIUTkw6E+M3lH0PTQ=="],

    "code-red": ["code-red@1.0.4", "", { "dependencies": { "@jridgewell/sourcemap-codec": "^1.4.15", "@types/estree": "^1.0.1", "acorn": "^8.10.0", "estree-walker": "^3.0.3", "periscopic": "^3.1.0" } }, "sha512-7qJWqItLA8/VPVlKJlFXU+NBlo/qyfs39aJcuMT/2ere32ZqvF5OSxgdM5xOfJJ7O429gg2HM47y8v9P+9wrNw=="],

    "css-tree": ["css-tree@2.3.1", "", { "dependencies": { "mdn-data": "2.0.30", "source-map-js": "^1.0.1" } }, "sha512-6Fv1DV/TYw//QF5IzQdqsNDjx/wc8TrMBZsqjL9eW01tWb7R7k/mq+/VXfJCl7SoD5emsJop9cOByJZfs8hYIw=="],

    "debug": ["debug@4.4.3", "", { "dependencies": { "ms": "^2.1.3" } }, "sha512-RGwwWnwQvkVfavKVt22FGLw+xYSdzARwm0ru6DhTVA3umU5hZc28V3kO4stgYryrTlLpuvgI9GiijltAjNbcqA=="],

    "deepmerge": ["deepmerge@4.3.1", "", {}, "sha512-3sUqbMEc77XqpdNO7FRyRog+eW3ph+GYCbj+rK+uYyRMuwsVy0rMiVtPn+QJlKFvWP/1PYpapqYn0Me2knFn+A=="],

    "esbuild": ["esbuild@0.21.5", "", { "optionalDependencies": { "@esbuild/aix-ppc64": "0.21.5", "@esbuild/android-arm": "0.21.5", "@esbuild/android-arm64": "0.21.5", "@esbuild/android-x64": "0.21.5", "@esbuild/darwin-arm64": "0.21.5", "@esbuild/darwin-x64": "0.21.5", "@esbuild/freebsd-arm64": "0.21.5", "@esbuild/freebsd-x64": "0.21.5", "@esbuild/linux-arm": "0.21.5", "@esbuild/linux-arm64": "0.21.5", "@esbuild/linux-ia32": "0.21.5", "@esbuild/linux-loong64": "0.21.5", "@esbuild/linux-mips64el": "0.21.5", "@esbuild/linux-ppc64": "0.21.5", "@esbuild/linux-riscv64": "0.21.5", "@esbuild/linux-s390x": "0.21.5", "@esbuild/linux-x64": "0.21.5", "@esbuild/netbsd-x64": "0.21.5", "@esbuild/openbsd-x64": "0.21.5", "@esbuild/sunos-x64": "0.21.5", "@esbuild/win32-arm64": "0.21.5", "@esbuild/win32-ia32": "0.21.5", "@esbuild/win32-x64": "0.21.5" }, "bin": { "esbuild": "bin/esbuild" } }, "sha512-mg3OPMV4hXywwpoDxu3Qda5xCKQi+vCTZq8S9J/EpkhB2HzKXq4SNFZE3+NK93JYxc8VMSep+lOUSC/RVKaBqw=="],

    "estree-walker": ["estree-walker@3.0.3", "", { "dependencies": { "@types/estree": "^1.0.0" } }, "sha512-7RUKfXgSMMkzt6ZuXmqapOurLGPPfgj6l9uRZ7lRGolvk0y2yocc35LdcxKC5PQZdn2DMqioAQ2NoWcrTKmm6g=="],

    "fsevents": ["fsevents@2.3.3", "", { "os": "darwin" }, "sha512-5xoDfX+fL7faATnagmWPpbFtwh/R77WmMMqqHGS65C3vvB0YHrgF+B1YmZ3441tMj5n63k0212XNoJwzlhffQw=="],

    "is-reference": ["is-reference@3.0.3", "", { "dependencies": { "@types/estree": "^1.0.6" } }, "sha512-ixkJoqQvAP88E6wLydLGGqCJsrFUnqoH6HnaczB8XmDH1oaWU+xxdptvikTgaEhtZ53Ky6YXiBuUI2WXLMCwjw=="],

    "kleur": ["kleur@4.1.5", "", {}, "sha512-o+NO+8WrRiQEE4/7nwRJhN1HWpVmJm511pBHUxPLtp0BUISzlBplORYSmTclCnJvQq2tKu/sgl3xVpkc7ZWuQQ=="],

    "locate-character": ["locate-character@3.0.0", "", {}, "sha512-SW13ws7BjaeJ6p7Q6CO2nchbYEc3X3J6WrmTTDto7yMPqVSZTUyY5Tjbid+Ab8gLnATtygYtiDIJGQRRn2ZOiA=="],

    "magic-string": ["magic-string@0.30.21", "", { "dependencies": { "@jridgewell/sourcemap-codec": "^1.5.5" } }, "sha512-vd2F4YUyEXKGcLHoq+TEyCjxueSeHnFxyyjNp80yg0XV4vUhnDer/lvvlqM/arB5bXQN5K2/3oinyCRyx8T2CQ=="],

    "mdn-data": ["mdn-data@2.0.30", "", {}, "sha512-GaqWWShW4kv/G9IEucWScBx9G1/vsFZZJUO+tD26M8J8z3Kw5RDQjaoZe03YAClgeS/SWPOcb4nkFBTEi5DUEA=="],

    "ms": ["ms@2.1.3", "", {}, "sha512-6FlzubTLZG3J2a/NVCAleEhjzq5oxgHyaCU9yYXvcLsvoVaHJq/s5xXI6/XXP6tz7R9xAOtHnSO/tXtF3WRTlA=="],

    "nanoid": ["nanoid@3.3.11", "", { "bin": { "nanoid": "bin/nanoid.cjs" } }, "sha512-N8SpfPUnUp1bK+PMYW8qSWdl9U+wwNWI4QKxOYDy9JAro3WMX7p2OeVRF9v+347pnakNevPmiHhNmZ2HbFA76w=="],

    "nouislider": ["nouislider@15.8.1", "", {}, "sha512-93TweAi8kqntHJSPiSWQ1o/uZ29VWOmal9YKb6KKGGlCkugaNfAupT7o1qTHqdJvNQ7S0su5rO6qRFCjP8fxtw=="],

    "periscopic": ["periscopic@3.1.0", "", { "dependencies": { "@types/estree": "^1.0.0", "estree-walker": "^3.0.0", "is-reference": "^3.0.0" } }, "sha512-vKiQ8RRtkl9P+r/+oefh25C3fhybptkHKCZSPlcXiJux2tJF55GnEj3BVn4A5gKfq9NWWXXrxkHBwVPUfH0opw=="],

    "picocolors": ["picocolors@1.1.1", "", {}, "sha512-xceH2snhtb5M9liqDsmEw56le376mTZkEX/jEb/RxNFyegNul7eNslCXP9FDj/Lcu0X8KEyMceP2ntpaHrDEVA=="],

    "postcss": ["postcss@8.5.6", "", { "dependencies": { "nanoid": "^3.3.11", "picocolors": "^1.1.1", "source-map-js": "^1.2.1" } }, "sha512-3Ybi1tAuwAP9s0r1UQ2J4n5Y0G05bJkpUIO0/bI9MhwmD70S5aTWbXGBwxHrelT+XM1k6dM0pk+SwNkpTRN7Pg=="],

    "rollup": ["rollup@4.55.1", "", { "dependencies": { "@types/estree": "1.0.8" }, "optionalDependencies": { "@rollup/rollup-android-arm-eabi": "4.55.1", "@rollup/rollup-android-arm64": "4.55.1", "@rollup/rollup-darwin-arm64": "4.55.1", "@rollup/rollup-darwin-x64": "4.55.1", "@rollup/rollup-freebsd-arm64": "4.55.1", "@rollup/rollup-freebsd-x64": "4.55.1", "@rollup/rollup-linux-arm-gnueabihf": "4.55.1", "@rollup/rollup-linux-arm-musleabihf": "4.55.1", "@rollup/rollup-linux-arm64-gnu": "4.55.1", "@rollup/rollup-linux-arm64-musl": "4.55.1", "@rollup/rollup-linux-loong64-gnu": "4.55.1", "@rollup/rollup-linux-loong64-musl": "4.55.1", "@rollup/rollup-linux-ppc64-gnu": "4.55.1", "@rollup/rollup-linux-ppc64-musl": "4.55.1", "@rollup/rollup-linux-riscv64-gnu": "4.55.1", "@rollup/rollup-linux-riscv64-musl": "4.55.1", "@rollup/rollup-linux-s390x-gnu": "4.55.1", "@rollup/rollup-linux-x64-gnu": "4.55.1", "@rollup/rollup-linux-x64-musl": "4.55.1", "@rollup/rollup-openbsd-x64": "4.55.1", "@rollup/rollup-openharmony-arm64": "4.55.1", "@rollup/rollup-win32-arm64-msvc": "4.55.1", "@rollup/rollup-win32-ia32-msvc": "4.55.1", "@rollup/rollup-win32-x64-gnu": "4.55.1", "@rollup/rollup-win32-x64-msvc": "4.55.1", "fsevents": "~2.3.2" }, "bin": { "rollup": "dist/bin/rollup" } }, "sha512-wDv/Ht1BNHB4upNbK74s9usvl7hObDnvVzknxqY/E/O3X6rW1U1rV1aENEfJ54eFZDTNo7zv1f5N4edCluH7+A=="],

    "source-map-js": ["source-map-js@1.2.1", "", {}, "sha512-UXWMKhLOwVKb728IUtQPXxfYU+usdybtUrK/8uGE8CQMvrhOpwvzDBwj0QhSL7MQc7vIsISBG8VQ8+IDQxpfQA=="],

    "svelte": ["svelte@4.2.20", "", { "dependencies": { "@ampproject/remapping": "^2.2.1", "@jridgewell/sourcemap-codec": "^1.4.15", "@jridgewell/trace-mapping": "^0.3.18", "@types/estree": "^1.0.1", "acorn": "^8.9.0", "aria-query": "^5.3.0", "axobject-query": "^4.0.0", "code-red": "^1.0.3", "css-tree": "^2.3.1", "estree-walker": "^3.0.3", "is-reference": "^3.0.1", "locate-character": "^3.0.0", "magic-string": "^0.30.4", "periscopic": "^3.1.0" } }, "sha512-eeEgGc2DtiUil5ANdtd8vPwt9AgaMdnuUFnPft9F5oMvU/FHu5IHFic+p1dR/UOB7XU2mX2yHW+NcTch4DCh5Q=="],

    "svelte-hmr": ["svelte-hmr@0.16.0", "", { "peerDependencies": { "svelte": "^3.19.0 || ^4.0.0" } }, "sha512-Gyc7cOS3VJzLlfj7wKS0ZnzDVdv3Pn2IuVeJPk9m2skfhcu5bq3wtIZyQGggr7/Iim5rH5cncyQft/kRLupcnA=="],

    "svelte-loading-spinners": ["svelte-loading-spinners@0.3.6", "", {}, "sha512-mthHQ2TwiwzTWzbFry3CBnVEfzqPOD9WkVw84OfSYzHRq6N9wgQ+yv37u81uPeuLU/ZOIPqhujpXquB1aol5ZQ=="],

    "vite": ["vite@5.4.21", "", { "dependencies": { "esbuild": "^0.21.3", "postcss": "^8.4.43", "rollup": "^4.20.0" }, "optionalDependencies": { "fsevents": "~2.3.3" }, "peerDependencies": { "@types/node": "^18.0.0 || >=20.0.0", "less": "*", "lightningcss": "^1.21.0", "sass": "*", "sass-embedded": "*", "stylus": "*", "sugarss": "*", "terser": "^5.4.0" }, "optionalPeers": ["@types/node", "less", "lightningcss", "sass", "sass-embedded", "stylus", "sugarss", "terser"], "bin": { "vite": "bin/vite.js" } }, "sha512-o5a9xKjbtuhY6Bi5S3+HvbRERmouabWbyUcpXXUA1u+GNUKoROi9byOJ8M0nHbHYHkYICiMlqxkg1KkYmm25Sw=="],

    "vitefu": ["vitefu@0.2.5", "", { "peerDependencies": { "vite": "^3.0.0 || ^4.0.0 || ^5.0.0" }, "optionalPeers": ["vite"] }, "sha512-SgHtMLoqaeeGnd2evZ849ZbACbnwQCIwRH57t18FxcXoZop0uQu0uzlIhJBlF/eWVzuce0sHeqPcDo+evVcg8Q=="],
  }
}
